
Microsoft Visual Studio Solution File, Format Version 12.00
# Visual Studio 2013
VisualStudioVersion = 12.0.21005.1
MinimumVisualStudioVersion = 10.0.40219.1
Project("{8BC9CEB8-8B4A-11D0-8D11-00A0C91BC942}") = "Skil02", "Skil02.vcxproj", "{049A2DAA-89B8-4ED0-B4F0-97B4B2880E68}"
EndProject
Global
	GlobalSection(SolutionConfigurationPlatforms) = preSolution
		Debug|Win32 = Debug|Win32
		Release|Win32 = Release|Win32
	EndGlobalSection
	GlobalSection(ProjectConfigurationPlatforms) = postSolution
		{049A2DAA-89B8-4ED0-B4F0-97B4B2880E68}.Debug|Win32.ActiveCfg = Debug|Win32
		{049A2DAA-89B8-4ED0-B4F0-97B4B2880E68}.Debug|Win32.Build.0 = Debug|Win32
		{049A2DAA-89B8-4ED0-B4F0-97B4B2880E68}.Release|Win32.ActiveCfg = Release|Win32
		{049A2DAA-89B8-4ED0-B4F0-97B4B2880E68}.Release|Win32.Build.0 = Release|Win32
	EndGlobalSection
	GlobalSection(SolutionProperties) = preSolution
		HideSolutionNode = FALSE
	EndGlobalSection
EndGlobal
